// !$*UTF8*$!
{
	archiveVersion = 1;
	classes = {
	};
	objectVersion = 46;
	objects = {

/* Begin PBXBuildFile section */
		F60F4DC21E51F761000594FD /* AppDelegate.swift in Sources */ = {isa = PBXBuildFile; fileRef = F60F4DC11E51F761000594FD /* AppDelegate.swift */; };
		F60F4DC41E51F761000594FD /* ViewController.swift in Sources */ = {isa = PBXBuildFile; fileRef = F60F4DC31E51F761000594FD /* ViewController.swift */; };
		F60F4DC71E51F761000594FD /* Main.storyboard in Resources */ = {isa = PBXBuildFile; fileRef = F60F4DC51E51F761000594FD /* Main.storyboard */; };
		F60F4DC91E51F761000594FD /* Assets.xcassets in Resources */ = {isa = PBXBuildFile; fileRef = F60F4DC81E51F761000594FD /* Assets.xcassets */; };
		F60F4DCC1E51F761000594FD /* LaunchScreen.storyboard in Resources */ = {isa = PBXBuildFile; fileRef = F60F4DCA1E51F761000594FD /* LaunchScreen.storyboard */; };
		F60F4DD51E51F80A000594FD /* ISP Proposal.pdf in Resources */ = {isa = PBXBuildFile; fileRef = F60F4DD41E51F80A000594FD /* ISP Proposal.pdf */; };
/* End PBXBuildFile section */

/* Begin PBXFileReference section */
		F60F4DBE1E51F761000594FD /* Game Bible.app */ = {isa = PBXFileReference; explicitFileType = wrapper.application; includeInIndex = 0; path = "Game Bible.app"; sourceTree = BUILT_PRODUCTS_DIR; };
		F60F4DC11E51F761000594FD /* AppDelegate.swift */ = {isa = PBXFileReference; lastKnownFileType = sourcecode.swift; path = AppDelegate.swift; sourceTree = "<group>"; };
		F60F4DC31E51F761000594FD /* ViewController.swift */ = {isa = PBXFileReference; lastKnownFileType = sourcecode.swift; path = ViewController.swift; sourceTree = "<group>"; };
		F60F4DC61E51F761000594FD /* Base */ = {isa = PBXFileReference; lastKnownFileType = file.storyboard; name = Base; path = Base.lproj/Main.storyboard; sourceTree = "<group>"; };
		F60F4DC81E51F761000594FD /* Assets.xcassets */ = {isa = PBXFileReference; lastKnownFileType = folder.assetcatalog; path = Assets.xcassets; sourceTree = "<group>"; };
		F60F4DCB1E51F761000594FD /* Base */ = {isa = PBXFileReference; lastKnownFileType = file.storyboard; name = Base; path = Base.lproj/LaunchScreen.storyboard; sourceTree = "<group>"; };
		F60F4DCD1E51F761000594FD /* Info.plist */ = {isa = PBXFileReference; lastKnownFileType = text.plist.xml; path = Info.plist; sourceTree = "<group>"; };
		F60F4DD41E51F80A000594FD /* ISP Proposal.pdf */ = {isa = PBXFileReference; lastKnownFileType = image.pdf; path = "ISP Proposal.pdf"; sourceTree = "<group>"; };
/* End PBXFileReference section */

/* Begin PBXFrameworksBuildPhase section */
		F60F4DBB1E51F760000594FD /* Frameworks */ = {
			isa = PBXFrameworksBuildPhase;
			buildActionMask = 2147483647;
			files = (
			);
			runOnlyForDeploymentPostprocessing = 0;
		};
/* End PBXFrameworksBuildPhase section */

/* Begin PBXGroup section */
		F60F4DB51E51F760000594FD = {
			isa = PBXGroup;
			children = (
				F60F4DD31E51F7B4000594FD /* Documentation */,
				F60F4DC01E51F761000594FD /* Game Bible */,
				F60F4DBF1E51F761000594FD /* Products */,
			);
			sourceTree = "<group>";
		};
		F60F4DBF1E51F761000594FD /* Products */ = {
			isa = PBXGroup;
			children = (
				F60F4DBE1E51F761000594FD /* Game Bible.app */,
			);
			name = Products;
			sourceTree = "<group>";
		};
		F60F4DC01E51F761000594FD /* Game Bible */ = {
			isa = PBXGroup;
			children = (
				F60F4DC11E51F761000594FD /* AppDelegate.swift */,
				F60F4DC31E51F761000594FD /* ViewController.swift */,
				F60F4DC51E51F761000594FD /* Main.storyboard */,
				F60F4DC81E51F761000594FD /* Assets.xcassets */,
				F60F4DCA1E51F761000594FD /* LaunchScreen.storyboard */,
				F60F4DCD1E51F761000594FD /* Info.plist */,
			);
			path = "Game Bible";
			sourceTree = "<group>";
		};
		F60F4DD31E51F7B4000594FD /* Documentation */ = {
			isa = PBXGroup;
			children = (
				F60F4DD41E51F80A000594FD /* ISP Proposal.pdf */,
			);
			name = Documentation;
			sourceTree = "<group>";
		};
/* End PBXGroup section */

/* Begin PBXNativeTarget section */
		F60F4DBD1E51F760000594FD /* Game Bible */ = {
			isa = PBXNativeTarget;
			buildConfigurationList = F60F4DD01E51F761000594FD /* Build configuration list for PBXNativeTarget "Game Bible" */;
			buildPhases = (
				F60F4DBA1E51F760000594FD /* Sources */,
				F60F4DBB1E51F760000594FD /* Frameworks */,
				F60F4DBC1E51F760000594FD /* Resources */,
			);
			buildRules = (
			);
			dependencies = (
			);
			name = "Game Bible";
			productName = "Game Bible";
			productReference = F60F4DBE1E51F761000594FD /* Game Bible.app */;
			productType = "com.apple.product-type.application";
		};
/* End PBXNativeTarget section */

/* Begin PBXProject section */
		F60F4DB61E51F760000594FD /* Project object */ = {
			isa = PBXProject;
			attributes = {
				LastSwiftUpdateCheck = 0810;
				LastUpgradeCheck = 0810;
				ORGANIZATIONNAME = "Nicholas Jones";
				TargetAttributes = {
					F60F4DBD1E51F760000594FD = {
						CreatedOnToolsVersion = 8.1;
						ProvisioningStyle = Automatic;
					};
				};
			};
			buildConfigurationList = F60F4DB91E51F760000594FD /* Build configuration list for PBXProject "Game Bible" */;
			compatibilityVersion = "Xcode 3.2";
			developmentRegion = English;
			hasScannedForEncodings = 0;
			knownRegions = (
				en,
				Base,
			);
			mainGroup = F60F4DB51E51F760000594FD;
			productRefGroup = F60F4DBF1E51F761000594FD /* Products */;
			projectDirPath = "";
			projectRoot = "";
			targets = (
				F60F4DBD1E51F760000594FD /* Game Bible */,
			);
		};
/* End PBXProject section */

/* Begin PBXResourcesBuildPhase section */
		F60F4DBC1E51F760000594FD /* Resources */ = {
			isa = PBXResourcesBuildPhase;
			buildActionMask = 2147483647;
			files = (
				F60F4DD51E51F80A000594FD /* ISP Proposal.pdf in Resources */,
				F60F4DCC1E51F761000594FD /* LaunchScreen.storyboard in Resources */,
				F60F4DC91E51F761000594FD /* Assets.xcassets in Resources */,
				F60F4DC71E51F761000594FD /* Main.storyboard in Resources */,
			);
			runOnlyForDeploymentPostprocessing = 0;
		};
/* End PBXResourcesBuildPhase section */

/* Begin PBXSourcesBuildPhase section */
		F60F4DBA1E51F760000594FD /* Sources */ = {
			isa = PBXSourcesBuildPhase;
			buildActionMask = 2147483647;
			files = (
				F60F4DC41E51F761000594FD /* ViewController.swift in Sources */,
				F60F4DC21E51F761000594FD /* AppDelegate.swift in Sources */,
			);
			runOnlyForDeploymentPostprocessing = 0;
		};
/* End PBXSourcesBuildPhase section */

/* Begin PBXVariantGroup section */
		F60F4DC51E51F761000594FD /* Main.storyboard */ = {
			isa = PBXVariantGroup;
			children = (
				F60F4DC61E51F761000594FD /* Base */,
			);
			name = Main.storyboard;
			sourceTree = "<group>";
		};
		F60F4DCA1E51F761000594FD /* LaunchScreen.storyboard */ = {
			isa = PBXVariantGroup;
			children = (
				F60F4DCB1E51F761000594FD /* Base */,
			);
			name = LaunchScreen.storyboard;
			sourceTree = "<group>";
		};
/* End PBXVariantGroup section */

/* Begin XCBuildConfiguration section */
		F60F4DCE1E51F761000594FD /* Debug */ = {
			isa = XCBuildConfiguration;
			buildSettings = {
				ALWAYS_SEARCH_USER_PATHS = NO;
				CLANG_ANALYZER_NONNULL = YES;
				CLANG_CXX_LANGUAGE_STANDARD = "gnu++0x";
				CLANG_CXX_LIBRARY = "libc++";
				CLANG_ENABLE_MODULES = YES;
				CLANG_ENABLE_OBJC_ARC = YES;
				CLANG_WARN_BOOL_CONVERSION = YES;
				CLANG_WARN_CONSTANT_CONVERSION = YES;
				CLANG_WARN_DIRECT_OBJC_ISA_USAGE = YES_ERROR;
				CLANG_WARN_DOCUMENTATION_COMMENTS = YES;
				CLANG_WARN_EMPTY_BODY = YES;
				CLANG_WARN_ENUM_CONVERSION = YES;
				CLANG_WARN_INFINITE_RECURSION = YES;
				CLANG_WARN_INT_CONVERSION = YES;
				CLANG_WARN_OBJC_ROOT_CLASS = YES_ERROR;
				CLANG_WARN_SUSPICIOUS_MOVES = YES;
				CLANG_WARN_UNREACHABLE_CODE = YES;
				CLANG_WARN__DUPLICATE_METHOD_MATCH = YES;
				"CODE_SIGN_IDENTITY[sdk=iphoneos*]" = "iPhone Developer";
				COPY_PHASE_STRIP = NO;
				DEBUG_INFORMATION_FORMAT = dwarf;
				ENABLE_STRICT_OBJC_MSGSEND = YES;
				ENABLE_TESTABILITY = YES;
				GCC_C_LANGUAGE_STANDARD = gnu99;
				GCC_DYNAMIC_NO_PIC = NO;
				GCC_NO_COMMON_BLOCKS = YES;
				GCC_OPTIMIZATION_LEVEL = 0;
				GCC_PREPROCESSOR_DEFINITIONS = (
					"DEBUG=1",
					"$(inherited)",
				);
				GCC_WARN_64_TO_32_BIT_CONVERSION = YES;
				GCC_WARN_ABOUT_RETURN_TYPE = YES_ERROR;
				GCC_WARN_UNDECLARED_SELECTOR = YES;
				GCC_WARN_UNINITIALIZED_AUTOS = YES_AGGRESSIVE;
				GCC_WARN_UNUSED_FUNCTION = YES;
				GCC_WARN_UNUSED_VARIABLE = YES;
				IPHONEOS_DEPLOYMENT_TARGET = 10.1;
				MTL_ENABLE_DEBUG_INFO = YES;
				ONLY_ACTIVE_ARCH = YES;
				SDKROOT = iphoneos;
				SWIFT_ACTIVE_COMPILATION_CONDITIONS = DEBUG;
				SWIFT_OPTIMIZATION_LEVEL = "-Onone";
				TARGETED_DEVICE_FAMILY = "1,2";
			};
			name = Debug;
		};
		F60F4DCF1E51F761000594FD /* Release */ = {
			isa = XCBuildConfiguration;
			buildSettings = {
				ALWAYS_SEARCH_USER_PATHS = NO;
				CLANG_ANALYZER_NONNULL = YES;
				CLANG_CXX_LANGUAGE_STANDARD = "gnu++0x";
				CLANG_CXX_LIBRARY = "libc++";
				CLANG_ENABLE_MODULES = YES;
				CLANG_ENABLE_OBJC_ARC = YES;
				CLANG_WARN_BOOL_CONVERSION = YES;
				CLANG_WARN_CONSTANT_CONVERSION = YES;
				CLANG_WARN_DIRECT_OBJC_ISA_USAGE = YES_ERROR;
				CLANG_WARN_DOCUMENTATION_COMMENTS = YES;
				CLANG_WARN_EMPTY_BODY = YES;
				CLANG_WARN_ENUM_CONVERSION = YES;
				CLANG_WARN_INFINITE_RECURSION = YES;
				CLANG_WARN_INT_CONVERSION = YES;
				CLANG_WARN_OBJC_ROOT_CLASS = YES_ERROR;
				CLANG_WARN_SUSPICIOUS_MOVES = YES;
				CLANG_WARN_UNREACHABLE_CODE = YES;
				CLANG_WARN__DUPLICATE_METHOD_MATCH = YES;
				"CODE_SIGN_IDENTITY[sdk=iphoneos*]" = "iPhone Developer";
				COPY_PHASE_STRIP = NO;
				DEBUG_INFORMATION_FORMAT = "dwarf-with-dsym";
				ENABLE_NS_ASSERTIONS = NO;
				ENABLE_STRICT_OBJC_MSGSEND = YES;
				GCC_C_LANGUAGE_STANDARD = gnu99;
				GCC_NO_COMMON_BLOCKS = YES;
				GCC_WARN_64_TO_32_BIT_CONVERSION = YES;
				GCC_WARN_ABOUT_RETURN_TYPE = YES_ERROR;
				GCC_WARN_UNDECLARED_SELECTOR = YES;
				GCC_WARN_UNINITIALIZED_AUTOS = YES_AGGRESSIVE;
				GCC_WARN_UNUSED_FUNCTION = YES;
				GCC_WARN_UNUSED_VARIABLE = YES;
				IPHONEOS_DEPLOYMENT_TARGET = 10.1;
				MTL_ENABLE_DEBUG_INFO = NO;
				SDKROOT = iphoneos;
				SWIFT_OPTIMIZATION_LEVEL = "-Owholemodule";
				TARGETED_DEVICE_FAMILY = "1,2";
				VALIDATE_PRODUCT = YES;
			};
			name = Release;
		};
		F60F4DD11E51F761000594FD /* Debug */ = {
			isa = XCBuildConfiguration;
			buildSettings = {
				ASSETCATALOG_COMPILER_APPICON_NAME = AppIcon;
				INFOPLIST_FILE = "Game Bible/Info.plist";
				LD_RUNPATH_SEARCH_PATHS = "$(inherited) @executable_path/Frameworks";
				PRODUCT_BUNDLE_IDENTIFIER = "ca.on.rsgc.Game-Bible";
				PRODUCT_NAME = "$(TARGET_NAME)";
				SWIFT_VERSION = 3.0;
			};
			name = Debug;
		};
		F60F4DD21E51F761000594FD /* Release */ = {
			isa = XCBuildConfiguration;
			buildSettings = {
				ASSETCATALOG_COMPILER_APPICON_NAME = AppIcon;
				INFOPLIST_FILE = "Game Bible/Info.plist";
				LD_RUNPATH_SEARCH_PATHS = "$(inherited) @executable_path/Frameworks";
				PRODUCT_BUNDLE_IDENTIFIER = "ca.on.rsgc.Game-Bible";
				PRODUCT_NAME = "$(TARGET_NAME)";
				SWIFT_VERSION = 3.0;
			};
			name = Release;
		};
/* End XCBuildConfiguration section */

/* Begin XCConfigurationList section */
		F60F4DB91E51F760000594FD /* Build configuration list for PBXProject "Game Bible" */ = {
			isa = XCConfigurationList;
			buildConfigurations = (
				F60F4DCE1E51F761000594FD /* Debug */,
				F60F4DCF1E51F761000594FD /* Release */,
			);
			defaultConfigurationIsVisible = 0;
			defaultConfigurationName = Release;
		};
		F60F4DD01E51F761000594FD /* Build configuration list for PBXNativeTarget "Game Bible" */ = {
			isa = XCConfigurationList;
			buildConfigurations = (
				F60F4DD11E51F761000594FD /* Debug */,
				F60F4DD21E51F761000594FD /* Release */,
			);
			defaultConfigurationIsVisible = 0;
		};
/* End XCConfigurationList section */
	};
	rootObject = F60F4DB61E51F760000594FD /* Project object */;
}
